// !$*UTF8*$!
{
	archiveVersion = 1;
	classes = {
	};
	objectVersion = 50;
	objects = {

/* Begin PBXBuildFile section */
		FDC956532505CD2D00C02A72 /* AppDelegate.swift in Sources */ = {isa = PBXBuildFile; fileRef = FDC956522505CD2D00C02A72 /* AppDelegate.swift */; };
		FDC956552505CD2D00C02A72 /* SceneDelegate.swift in Sources */ = {isa = PBXBuildFile; fileRef = FDC956542505CD2D00C02A72 /* SceneDelegate.swift */; };
		FDC956572505CD2D00C02A72 /* ContentView.swift in Sources */ = {isa = PBXBuildFile; fileRef = FDC956562505CD2D00C02A72 /* ContentView.swift */; };
		FDC956592505CD2E00C02A72 /* Assets.xcassets in Resources */ = {isa = PBXBuildFile; fileRef = FDC956582505CD2E00C02A72 /* Assets.xcassets */; };
		FDC9565C2505CD2E00C02A72 /* Preview Assets.xcassets in Resources */ = {isa = PBXBuildFile; fileRef = FDC9565B2505CD2E00C02A72 /* Preview Assets.xcassets */; };
		FDC9565F2505CD2E00C02A72 /* LaunchScreen.storyboard in Resources */ = {isa = PBXBuildFile; fileRef = FDC9565D2505CD2E00C02A72 /* LaunchScreen.storyboard */; };
/* End PBXBuildFile section */

/* Begin PBXFileReference section */
		FDC9564F2505CD2C00C02A72 /* MuseSounds.app */ = {isa = PBXFileReference; explicitFileType = wrapper.application; includeInIndex = 0; path = MuseSounds.app; sourceTree = BUILT_PRODUCTS_DIR; };
		FDC956522505CD2D00C02A72 /* AppDelegate.swift */ = {isa = PBXFileReference; lastKnownFileType = sourcecode.swift; path = AppDelegate.swift; sourceTree = "<group>"; };
		FDC956542505CD2D00C02A72 /* SceneDelegate.swift */ = {isa = PBXFileReference; lastKnownFileType = sourcecode.swift; path = SceneDelegate.swift; sourceTree = "<group>"; };
		FDC956562505CD2D00C02A72 /* ContentView.swift */ = {isa = PBXFileReference; lastKnownFileType = sourcecode.swift; path = ContentView.swift; sourceTree = "<group>"; };
		FDC956582505CD2E00C02A72 /* Assets.xcassets */ = {isa = PBXFileReference; lastKnownFileType = folder.assetcatalog; path = Assets.xcassets; sourceTree = "<group>"; };
		FDC9565B2505CD2E00C02A72 /* Preview Assets.xcassets */ = {isa = PBXFileReference; lastKnownFileType = folder.assetcatalog; path = "Preview Assets.xcassets"; sourceTree = "<group>"; };
		FDC9565E2505CD2E00C02A72 /* Base */ = {isa = PBXFileReference; lastKnownFileType = file.storyboard; name = Base; path = Base.lproj/LaunchScreen.storyboard; sourceTree = "<group>"; };
		FDC956602505CD2E00C02A72 /* Info.plist */ = {isa = PBXFileReference; lastKnownFileType = text.plist.xml; path = Info.plist; sourceTree = "<group>"; };
/* End PBXFileReference section */

/* Begin PBXFrameworksBuildPhase section */
		FDC9564C2505CD2C00C02A72 /* Frameworks */ = {
			isa = PBXFrameworksBuildPhase;
			buildActionMask = 2147483647;
			files = (
			);
			runOnlyForDeploymentPostprocessing = 0;
		};
/* End PBXFrameworksBuildPhase section */

/* Begin PBXGroup section */
		FDC956462505CD2C00C02A72 = {
			isa = PBXGroup;
			children = (
				FDC956512505CD2C00C02A72 /* MuseSounds */,
				FDC956502505CD2C00C02A72 /* Products */,
			);
			sourceTree = "<group>";
		};
		FDC956502505CD2C00C02A72 /* Products */ = {
			isa = PBXGroup;
			children = (
				FDC9564F2505CD2C00C02A72 /* MuseSounds.app */,
			);
			name = Products;
			sourceTree = "<group>";
		};
		FDC956512505CD2C00C02A72 /* MuseSounds */ = {
			isa = PBXGroup;
			children = (
				FDC956522505CD2D00C02A72 /* AppDelegate.swift */,
				FDC956542505CD2D00C02A72 /* SceneDelegate.swift */,
				FDC956562505CD2D00C02A72 /* ContentView.swift */,
				FDC956582505CD2E00C02A72 /* Assets.xcassets */,
				FDC9565D2505CD2E00C02A72 /* LaunchScreen.storyboard */,
				FDC956602505CD2E00C02A72 /* Info.plist */,
				FDC9565A2505CD2E00C02A72 /* Preview Content */,
			);
			path = MuseSounds;
			sourceTree = "<group>";
		};
		FDC9565A2505CD2E00C02A72 /* Preview Content */ = {
			isa = PBXGroup;
			children = (
				FDC9565B2505CD2E00C02A72 /* Preview Assets.xcassets */,
			);
			path = "Preview Content";
			sourceTree = "<group>";
		};
/* End PBXGroup section */

/* Begin PBXNativeTarget section */
		FDC9564E2505CD2C00C02A72 /* MuseSounds */ = {
			isa = PBXNativeTarget;
			buildConfigurationList = FDC956632505CD2E00C02A72 /* Build configuration list for PBXNativeTarget "MuseSounds" */;
			buildPhases = (
				FDC9564B2505CD2C00C02A72 /* Sources */,
				FDC9564C2505CD2C00C02A72 /* Frameworks */,
				FDC9564D2505CD2C00C02A72 /* Resources */,
			);
			buildRules = (
			);
			dependencies = (
			);
			name = MuseSounds;
			productName = MuseSounds;
			productReference = FDC9564F2505CD2C00C02A72 /* MuseSounds.app */;
			productType = "com.apple.product-type.application";
		};
/* End PBXNativeTarget section */

/* Begin PBXProject section */
		FDC956472505CD2C00C02A72 /* Project object */ = {
			isa = PBXProject;
			attributes = {
				LastSwiftUpdateCheck = 1170;
				LastUpgradeCheck = 1170;
				ORGANIZATIONNAME = panda_tech;
				TargetAttributes = {
					FDC9564E2505CD2C00C02A72 = {
						CreatedOnToolsVersion = 11.7;
					};
				};
			};
			buildConfigurationList = FDC9564A2505CD2C00C02A72 /* Build configuration list for PBXProject "MuseSounds" */;
			compatibilityVersion = "Xcode 9.3";
			developmentRegion = en;
			hasScannedForEncodings = 0;
			knownRegions = (
				en,
				Base,
			);
			mainGroup = FDC956462505CD2C00C02A72;
			productRefGroup = FDC956502505CD2C00C02A72 /* Products */;
			projectDirPath = "";
			projectRoot = "";
			targets = (
				FDC9564E2505CD2C00C02A72 /* MuseSounds */,
			);
		};
/* End PBXProject section */

/* Begin PBXResourcesBuildPhase section */
		FDC9564D2505CD2C00C02A72 /* Resources */ = {
			isa = PBXResourcesBuildPhase;
			buildActionMask = 2147483647;
			files = (
				FDC9565F2505CD2E00C02A72 /* LaunchScreen.storyboard in Resources */,
				FDC9565C2505CD2E00C02A72 /* Preview Assets.xcassets in Resources */,
				FDC956592505CD2E00C02A72 /* Assets.xcassets in Resources */,
			);
			runOnlyForDeploymentPostprocessing = 0;
		};
/* End PBXResourcesBuildPhase section */

/* Begin PBXSourcesBuildPhase section */
		FDC9564B2505CD2C00C02A72 /* Sources */ = {
			isa = PBXSourcesBuildPhase;
			buildActionMask = 2147483647;
			files = (
				FDC956532505CD2D00C02A72 /* AppDelegate.swift in Sources */,
				FDC956552505CD2D00C02A72 /* SceneDelegate.swift in Sources */,
				FDC956572505CD2D00C02A72 /* ContentView.swift in Sources */,
			);
			runOnlyForDeploymentPostprocessing = 0;
		};
/* End PBXSourcesBuildPhase section */

/* Begin PBXVariantGroup section */
		FDC9565D2505CD2E00C02A72 /* LaunchScreen.storyboard */ = {
			isa = PBXVariantGroup;
			children = (
				FDC9565E2505CD2E00C02A72 /* Base */,
			);
			name = LaunchScreen.storyboard;
			sourceTree = "<group>";
		};
/* End PBXVariantGroup section */

/* Begin XCBuildConfiguration section */
		FDC956612505CD2E00C02A72 /* Debug */ = {
			isa = XCBuildConfiguration;
			buildSettings = {
				ALWAYS_SEARCH_USER_PATHS = NO;
				CLANG_ANALYZER_NONNULL = YES;
				CLANG_ANALYZER_NUMBER_OBJECT_CONVERSION = YES_AGGRESSIVE;
				CLANG_CXX_LANGUAGE_STANDARD = "gnu++14";
				CLANG_CXX_LIBRARY = "libc++";
				CLANG_ENABLE_MODULES = YES;
				CLANG_ENABLE_OBJC_ARC = YES;
				CLANG_ENABLE_OBJC_WEAK = YES;
				CLANG_WARN_BLOCK_CAPTURE_AUTORELEASING = YES;
				CLANG_WARN_BOOL_CONVERSION = YES;
				CLANG_WARN_COMMA = YES;
				CLANG_WARN_CONSTANT_CONVERSION = YES;
				CLANG_WARN_DEPRECATED_OBJC_IMPLEMENTATIONS = YES;
				CLANG_WARN_DIRECT_OBJC_ISA_USAGE = YES_ERROR;
				CLANG_WARN_DOCUMENTATION_COMMENTS = YES;
				CLANG_WARN_EMPTY_BODY = YES;
				CLANG_WARN_ENUM_CONVERSION = YES;
				CLANG_WARN_INFINITE_RECURSION = YES;
				CLANG_WARN_INT_CONVERSION = YES;
				CLANG_WARN_NON_LITERAL_NULL_CONVERSION = YES;
				CLANG_WARN_OBJC_IMPLICIT_RETAIN_SELF = YES;
				CLANG_WARN_OBJC_LITERAL_CONVERSION = YES;
				CLANG_WARN_OBJC_ROOT_CLASS = YES_ERROR;
				CLANG_WARN_RANGE_LOOP_ANALYSIS = YES;
				CLANG_WARN_STRICT_PROTOTYPES = YES;
				CLANG_WARN_SUSPICIOUS_MOVE = YES;
				CLANG_WARN_UNGUARDED_AVAILABILITY = YES_AGGRESSIVE;
				CLANG_WARN_UNREACHABLE_CODE = YES;
				CLANG_WARN__DUPLICATE_METHOD_MATCH = YES;
				COPY_PHASE_STRIP = NO;
				DEBUG_INFORMATION_FORMAT = dwarf;
				ENABLE_STRICT_OBJC_MSGSEND = YES;
				ENABLE_TESTABILITY = YES;
				GCC_C_LANGUAGE_STANDARD = gnu11;
				GCC_DYNAMIC_NO_PIC = NO;
				GCC_NO_COMMON_BLOCKS = YES;
				GCC_OPTIMIZATION_LEVEL = 0;
				GCC_PREPROCESSOR_DEFINITIONS = (
					"DEBUG=1",
					"$(inherited)",
				);
				GCC_WARN_64_TO_32_BIT_CONVERSION = YES;
				GCC_WARN_ABOUT_RETURN_TYPE = YES_ERROR;
				GCC_WARN_UNDECLARED_SELECTOR = YES;
				GCC_WARN_UNINITIALIZED_AUTOS = YES_AGGRESSIVE;
				GCC_WARN_UNUSED_FUNCTION = YES;
				GCC_WARN_UNUSED_VARIABLE = YES;
				IPHONEOS_DEPLOYMENT_TARGET = 13.7;
				MTL_ENABLE_DEBUG_INFO = INCLUDE_SOURCE;
				MTL_FAST_MATH = YES;
				ONLY_ACTIVE_ARCH = YES;
				SDKROOT = iphoneos;
				SWIFT_ACTIVE_COMPILATION_CONDITIONS = DEBUG;
				SWIFT_OPTIMIZATION_LEVEL = "-Onone";
			};
			name = Debug;
		};
		FDC956622505CD2E00C02A72 /* Release */ = {
			isa = XCBuildConfiguration;
			buildSettings = {
				ALWAYS_SEARCH_USER_PATHS = NO;
				CLANG_ANALYZER_NONNULL = YES;
				CLANG_ANALYZER_NUMBER_OBJECT_CONVERSION = YES_AGGRESSIVE;
				CLANG_CXX_LANGUAGE_STANDARD = "gnu++14";
				CLANG_CXX_LIBRARY = "libc++";
				CLANG_ENABLE_MODULES = YES;
				CLANG_ENABLE_OBJC_ARC = YES;
				CLANG_ENABLE_OBJC_WEAK = YES;
				CLANG_WARN_BLOCK_CAPTURE_AUTORELEASING = YES;
				CLANG_WARN_BOOL_CONVERSION = YES;
				CLANG_WARN_COMMA = YES;
				CLANG_WARN_CONSTANT_CONVERSION = YES;
				CLANG_WARN_DEPRECATED_OBJC_IMPLEMENTATIONS = YES;
				CLANG_WARN_DIRECT_OBJC_ISA_USAGE = YES_ERROR;
				CLANG_WARN_DOCUMENTATION_COMMENTS = YES;
				CLANG_WARN_EMPTY_BODY = YES;
				CLANG_WARN_ENUM_CONVERSION = YES;
				CLANG_WARN_INFINITE_RECURSION = YES;
				CLANG_WARN_INT_CONVERSION = YES;
				CLANG_WARN_NON_LITERAL_NULL_CONVERSION = YES;
				CLANG_WARN_OBJC_IMPLICIT_RETAIN_SELF = YES;
				CLANG_WARN_OBJC_LITERAL_CONVERSION = YES;
				CLANG_WARN_OBJC_ROOT_CLASS = YES_ERROR;
				CLANG_WARN_RANGE_LOOP_ANALYSIS = YES;
				CLANG_WARN_STRICT_PROTOTYPES = YES;
				CLANG_WARN_SUSPICIOUS_MOVE = YES;
				CLANG_WARN_UNGUARDED_AVAILABILITY = YES_AGGRESSIVE;
				CLANG_WARN_UNREACHABLE_CODE = YES;
				CLANG_WARN__DUPLICATE_METHOD_MATCH = YES;
				COPY_PHASE_STRIP = NO;
				DEBUG_INFORMATION_FORMAT = "dwarf-with-dsym";
				ENABLE_NS_ASSERTIONS = NO;
				ENABLE_STRICT_OBJC_MSGSEND = YES;
				GCC_C_LANGUAGE_STANDARD = gnu11;
				GCC_NO_COMMON_BLOCKS = YES;
				GCC_WARN_64_TO_32_BIT_CONVERSION = YES;
				GCC_WARN_ABOUT_RETURN_TYPE = YES_ERROR;
				GCC_WARN_UNDECLARED_SELECTOR = YES;
				GCC_WARN_UNINITIALIZED_AUTOS = YES_AGGRESSIVE;
				GCC_WARN_UNUSED_FUNCTION = YES;
				GCC_WARN_UNUSED_VARIABLE = YES;
				IPHONEOS_DEPLOYMENT_TARGET = 13.7;
				MTL_ENABLE_DEBUG_INFO = NO;
				MTL_FAST_MATH = YES;
				SDKROOT = iphoneos;
				SWIFT_COMPILATION_MODE = wholemodule;
				SWIFT_OPTIMIZATION_LEVEL = "-O";
				VALIDATE_PRODUCT = YES;
			};
			name = Release;
		};
		FDC956642505CD2E00C02A72 /* Debug */ = {
			isa = XCBuildConfiguration;
			buildSettings = {
				ASSETCATALOG_COMPILER_APPICON_NAME = AppIcon;
				CODE_SIGN_STYLE = Automatic;
				DEVELOPMENT_ASSET_PATHS = "\"MuseSounds/Preview Content\"";
				DEVELOPMENT_TEAM = 6HJJLXA64V;
				ENABLE_PREVIEWS = YES;
				INFOPLIST_FILE = MuseSounds/Info.plist;
				LD_RUNPATH_SEARCH_PATHS = (
					"$(inherited)",
					"@executable_path/Frameworks",
				);
				PRODUCT_BUNDLE_IDENTIFIER = com.MuseSounds;
				PRODUCT_NAME = "$(TARGET_NAME)";
				SWIFT_VERSION = 5.0;
				TARGETED_DEVICE_FAMILY = "1,2";
			};
			name = Debug;
		};
		FDC956652505CD2E00C02A72 /* Release */ = {
			isa = XCBuildConfiguration;
			buildSettings = {
				ASSETCATALOG_COMPILER_APPICON_NAME = AppIcon;
				CODE_SIGN_STYLE = Automatic;
				DEVELOPMENT_ASSET_PATHS = "\"MuseSounds/Preview Content\"";
				DEVELOPMENT_TEAM = 6HJJLXA64V;
				ENABLE_PREVIEWS = YES;
				INFOPLIST_FILE = MuseSounds/Info.plist;
				LD_RUNPATH_SEARCH_PATHS = (
					"$(inherited)",
					"@executable_path/Frameworks",
				);
				PRODUCT_BUNDLE_IDENTIFIER = com.MuseSounds;
				PRODUCT_NAME = "$(TARGET_NAME)";
				SWIFT_VERSION = 5.0;
				TARGETED_DEVICE_FAMILY = "1,2";
			};
			name = Release;
		};
/* End XCBuildConfiguration section */

/* Begin XCConfigurationList section */
		FDC9564A2505CD2C00C02A72 /* Build configuration list for PBXProject "MuseSounds" */ = {
			isa = XCConfigurationList;
			buildConfigurations = (
				FDC956612505CD2E00C02A72 /* Debug */,
				FDC956622505CD2E00C02A72 /* Release */,
			);
			defaultConfigurationIsVisible = 0;
			defaultConfigurationName = Release;
		};
		FDC956632505CD2E00C02A72 /* Build configuration list for PBXNativeTarget "MuseSounds" */ = {
			isa = XCConfigurationList;
			buildConfigurations = (
				FDC956642505CD2E00C02A72 /* Debug */,
				FDC956652505CD2E00C02A72 /* Release */,
			);
			defaultConfigurationIsVisible = 0;
			defaultConfigurationName = Release;
		};
/* End XCConfigurationList section */
	};
	rootObject = FDC956472505CD2C00C02A72 /* Project object */;
}
